
Microsoft Visual Studio Solution File, Format Version 12.00
# Visual Studio Version 16
VisualStudioVersion = 16.0.30615.102
MinimumVisualStudioVersion = 10.0.40219.1
Project("{9A19103F-16F7-4668-BE54-9A1E7A4F7556}") = "Impostor.Plugins.AutomuteUs", "AutomuteUs\Impostor.Plugins.AutomuteUs.csproj", "{DBD45759-9E4D-423F-AE8E-E10D207FF171}"
EndProject
Global
	GlobalSection(SolutionConfigurationPlatforms) = preSolution
		Debug|Any CPU = Debug|Any CPU
		Release|Any CPU = Release|Any CPU
	EndGlobalSection
	GlobalSection(ProjectConfigurationPlatforms) = postSolution
		{DBD45759-9E4D-423F-AE8E-E10D207FF171}.Debug|Any CPU.ActiveCfg = Debug|Any CPU
		{DBD45759-9E4D-423F-AE8E-E10D207FF171}.Debug|Any CPU.Build.0 = Debug|Any CPU
		{DBD45759-9E4D-423F-AE8E-E10D207FF171}.Release|Any CPU.ActiveCfg = Release|Any CPU
		{DBD45759-9E4D-423F-AE8E-E10D207FF171}.Release|Any CPU.Build.0 = Release|Any CPU
	EndGlobalSection
	GlobalSection(SolutionProperties) = preSolution
		HideSolutionNode = FALSE
	EndGlobalSection
	GlobalSection(ExtensibilityGlobals) = postSolution
		SolutionGuid = {4E9A2923-181A-4865-B27F-5ED8D3C3D80B}
	EndGlobalSection
EndGlobal
